
Microsoft Visual Studio Solution File, Format Version 12.00
# Visual Studio Version 17
VisualStudioVersion = 17.10.34928.147
MinimumVisualStudioVersion = 10.0.40219.1
Project("{9A19103F-16F7-4668-BE54-9A1E7A4F7556}") = "Part3", "Part3\Part3.csproj", "{3B468E21-2115-41A3-8DA9-87AEA60A0D2E}"
EndProject
Project("{9A19103F-16F7-4668-BE54-9A1E7A4F7556}") = "OrderProcessing", "OrderProcessing\OrderProcessing.csproj", "{252B486D-FA75-4AFD-982C-285FD498271B}"
EndProject
Global
	GlobalSection(SolutionConfigurationPlatforms) = preSolution
		Debug|Any CPU = Debug|Any CPU
		Release|Any CPU = Release|Any CPU
	EndGlobalSection
	GlobalSection(ProjectConfigurationPlatforms) = postSolution
		{3B468E21-2115-41A3-8DA9-87AEA60A0D2E}.Debug|Any CPU.ActiveCfg = Debug|Any CPU
		{3B468E21-2115-41A3-8DA9-87AEA60A0D2E}.Debug|Any CPU.Build.0 = Debug|Any CPU
		{3B468E21-2115-41A3-8DA9-87AEA60A0D2E}.Release|Any CPU.ActiveCfg = Release|Any CPU
		{3B468E21-2115-41A3-8DA9-87AEA60A0D2E}.Release|Any CPU.Build.0 = Release|Any CPU
		{252B486D-FA75-4AFD-982C-285FD498271B}.Debug|Any CPU.ActiveCfg = Debug|Any CPU
		{252B486D-FA75-4AFD-982C-285FD498271B}.Debug|Any CPU.Build.0 = Debug|Any CPU
		{252B486D-FA75-4AFD-982C-285FD498271B}.Release|Any CPU.ActiveCfg = Release|Any CPU
		{252B486D-FA75-4AFD-982C-285FD498271B}.Release|Any CPU.Build.0 = Release|Any CPU
	EndGlobalSection
	GlobalSection(SolutionProperties) = preSolution
		HideSolutionNode = FALSE
	EndGlobalSection
	GlobalSection(ExtensibilityGlobals) = postSolution
		SolutionGuid = {DE9D722A-0062-4769-AF88-B647ABF46C38}
	EndGlobalSection
EndGlobal
